
Microsoft Visual Studio Solution File, Format Version 12.00
Project("{FAE04EC0-301F-11D3-BF4B-00C04F79EFBC}") = "JobUtils", "JobUtils\JobUtils.csproj", "{7FE7CE81-4AE6-456C-B45E-D0C7BF7DF505}"
EndProject
Project("{FAE04EC0-301F-11D3-BF4B-00C04F79EFBC}") = "TestJobUtils", "TestJobUtils\TestJobUtils.csproj", "{54726816-D3D2-448F-BAA7-64C9219F6A37}"
EndProject
Global
	GlobalSection(SolutionConfigurationPlatforms) = preSolution
		Debug|Any CPU = Debug|Any CPU
		Release|Any CPU = Release|Any CPU
	EndGlobalSection
	GlobalSection(ProjectConfigurationPlatforms) = postSolution
		{7FE7CE81-4AE6-456C-B45E-D0C7BF7DF505}.Debug|Any CPU.ActiveCfg = Debug|Any CPU
		{7FE7CE81-4AE6-456C-B45E-D0C7BF7DF505}.Debug|Any CPU.Build.0 = Debug|Any CPU
		{7FE7CE81-4AE6-456C-B45E-D0C7BF7DF505}.Release|Any CPU.ActiveCfg = Release|Any CPU
		{7FE7CE81-4AE6-456C-B45E-D0C7BF7DF505}.Release|Any CPU.Build.0 = Release|Any CPU
		{54726816-D3D2-448F-BAA7-64C9219F6A37}.Debug|Any CPU.ActiveCfg = Debug|Any CPU
		{54726816-D3D2-448F-BAA7-64C9219F6A37}.Debug|Any CPU.Build.0 = Debug|Any CPU
		{54726816-D3D2-448F-BAA7-64C9219F6A37}.Release|Any CPU.ActiveCfg = Release|Any CPU
		{54726816-D3D2-448F-BAA7-64C9219F6A37}.Release|Any CPU.Build.0 = Release|Any CPU
	EndGlobalSection
EndGlobal
